// !$*UTF8*$!
{
	archiveVersion = 1;
	classes = {
	};
	objectVersion = 48;
	objects = {

/* Begin PBXBuildFile section */
		1BB71586203F8B42002ED3A9 /* SettingsLauncher.swift in Sources */ = {isa = PBXBuildFile; fileRef = 1BB71585203F8B42002ED3A9 /* SettingsLauncher.swift */; };
		1BF23D28203E16910055CB20 /* Constants.swift in Sources */ = {isa = PBXBuildFile; fileRef = 1BF23D27203E16910055CB20 /* Constants.swift */; };
		A373527E7497ED1E69694987 /* Pods_ReTube.framework in Frameworks */ = {isa = PBXBuildFile; fileRef = C38A7134B78ABD78D0A45067 /* Pods_ReTube.framework */; };
		CB042DC1203C373100451B39 /* HCYoutubeParser.m in Sources */ = {isa = PBXBuildFile; fileRef = CB042DBF203C373100451B39 /* HCYoutubeParser.m */; };
		CB073F7D203EECED00DF2017 /* VideoTemp.swift in Sources */ = {isa = PBXBuildFile; fileRef = CB073F7C203EECED00DF2017 /* VideoTemp.swift */; };
		CB0B8C5D203B37D200321C48 /* AppDelegate.swift in Sources */ = {isa = PBXBuildFile; fileRef = CB0B8C5C203B37D200321C48 /* AppDelegate.swift */; };
		CB0B8C5F203B37D200321C48 /* HomeController.swift in Sources */ = {isa = PBXBuildFile; fileRef = CB0B8C5E203B37D200321C48 /* HomeController.swift */; };
		CB0B8C64203B37D200321C48 /* Assets.xcassets in Resources */ = {isa = PBXBuildFile; fileRef = CB0B8C63203B37D200321C48 /* Assets.xcassets */; };
		CB0B8C67203B37D200321C48 /* LaunchScreen.storyboard in Resources */ = {isa = PBXBuildFile; fileRef = CB0B8C65203B37D200321C48 /* LaunchScreen.storyboard */; };
		CB0DC39D203D86AF0032605D /* YTStructs.swift in Sources */ = {isa = PBXBuildFile; fileRef = CB0DC39C203D86AF0032605D /* YTStructs.swift */; };
		CB0DC39F203D87C90032605D /* YTHelper.swift in Sources */ = {isa = PBXBuildFile; fileRef = CB0DC39E203D87C90032605D /* YTHelper.swift */; };
		CB1253A32040822F00A6A6B8 /* SettingCell.swift in Sources */ = {isa = PBXBuildFile; fileRef = CB1253A22040822F00A6A6B8 /* SettingCell.swift */; };
		CB13ADAC204D807D00F04384 /* MinimizedPlayerView.swift in Sources */ = {isa = PBXBuildFile; fileRef = CB13ADAB204D807D00F04384 /* MinimizedPlayerView.swift */; };
		CB13ADB0204D87AC00F04384 /* YTPlayerView.m in Sources */ = {isa = PBXBuildFile; fileRef = CB13ADAE204D87AC00F04384 /* YTPlayerView.m */; };
		CB13ADB2204D8C9F00F04384 /* Assets in Resources */ = {isa = PBXBuildFile; fileRef = CB13ADB1204D8C9F00F04384 /* Assets */; };
		CB1A43F520513630008161FD /* PlayerViewCtrl.swift in Sources */ = {isa = PBXBuildFile; fileRef = CB1A43F420513630008161FD /* PlayerViewCtrl.swift */; };
		CB1A43F720517CB6008161FD /* K.swift in Sources */ = {isa = PBXBuildFile; fileRef = CB1A43F620517CB6008161FD /* K.swift */; };
		CB1BD2A320459B4900CDF423 /* FeedCell.swift in Sources */ = {isa = PBXBuildFile; fileRef = CB1BD2A220459B4900CDF423 /* FeedCell.swift */; };
		CB1BD2A52045C16D00CDF423 /* PlaylistsHostCell.swift in Sources */ = {isa = PBXBuildFile; fileRef = CB1BD2A42045C16D00CDF423 /* PlaylistsHostCell.swift */; };
		CB1BD2A72045C58D00CDF423 /* SubscriptionFeed.swift in Sources */ = {isa = PBXBuildFile; fileRef = CB1BD2A62045C58D00CDF423 /* SubscriptionFeed.swift */; };
		CB2202212056C04D001EF6A8 /* PlaylistView.swift in Sources */ = {isa = PBXBuildFile; fileRef = CB2202202056C04D001EF6A8 /* PlaylistView.swift */; };
		CB2202232056D128001EF6A8 /* PlaylistItemCell.swift in Sources */ = {isa = PBXBuildFile; fileRef = CB2202222056D128001EF6A8 /* PlaylistItemCell.swift */; };
		CB3592B020447929008435EC /* ApiService.swift in Sources */ = {isa = PBXBuildFile; fileRef = CB3592AF20447929008435EC /* ApiService.swift */; };
		CB6B85B8203DC1E900E108B2 /* Extentions.swift in Sources */ = {isa = PBXBuildFile; fileRef = CB6B85B7203DC1E900E108B2 /* Extentions.swift */; };
		CB6B85BB203DC25100E108B2 /* VideoCellTemp.swift in Sources */ = {isa = PBXBuildFile; fileRef = CB6B85BA203DC25100E108B2 /* VideoCellTemp.swift */; };
		CB6B85BF203DD08200E108B2 /* MenuBar.swift in Sources */ = {isa = PBXBuildFile; fileRef = CB6B85BE203DD08200E108B2 /* MenuBar.swift */; };
		CB6B85DF203DE25200E108B2 /* BaseCollectionViewCell.swift in Sources */ = {isa = PBXBuildFile; fileRef = CB6B85DE203DE25200E108B2 /* BaseCollectionViewCell.swift */; };
		CB6B85E1203DE32700E108B2 /* MenuCell.swift in Sources */ = {isa = PBXBuildFile; fileRef = CB6B85E0203DE32700E108B2 /* MenuCell.swift */; };
		CB7A9F582052CD1B0032EC66 /* VideoCell.swift in Sources */ = {isa = PBXBuildFile; fileRef = CB7A9F572052CD1B0032EC66 /* VideoCell.swift */; };
		CB7A9F5C2052EF330032EC66 /* PlaylistCell.swift in Sources */ = {isa = PBXBuildFile; fileRef = CB7A9F5B2052EF330032EC66 /* PlaylistCell.swift */; };
		CB831AB220485C8B00203CBD /* MainPlayerView.swift in Sources */ = {isa = PBXBuildFile; fileRef = CB831AB120485C8B00203CBD /* MainPlayerView.swift */; };
		CB832C302047016B00C643C0 /* VideoLauncher.swift in Sources */ = {isa = PBXBuildFile; fileRef = CB832C2F2047016B00C643C0 /* VideoLauncher.swift */; };
/* End PBXBuildFile section */

/* Begin PBXFileReference section */
		1BB71585203F8B42002ED3A9 /* SettingsLauncher.swift */ = {isa = PBXFileReference; lastKnownFileType = sourcecode.swift; path = SettingsLauncher.swift; sourceTree = "<group>"; };
		1BF23D27203E16910055CB20 /* Constants.swift */ = {isa = PBXFileReference; fileEncoding = 4; lastKnownFileType = sourcecode.swift; path = Constants.swift; sourceTree = "<group>"; };
		64ED2F1710A798D68E02D3FC /* Pods-ReTube.debug.xcconfig */ = {isa = PBXFileReference; includeInIndex = 1; lastKnownFileType = text.xcconfig; name = "Pods-ReTube.debug.xcconfig"; path = "Pods/Target Support Files/Pods-ReTube/Pods-ReTube.debug.xcconfig"; sourceTree = "<group>"; };
		9F3E0657A245C941BF128402 /* Pods-ReTube.release.xcconfig */ = {isa = PBXFileReference; includeInIndex = 1; lastKnownFileType = text.xcconfig; name = "Pods-ReTube.release.xcconfig"; path = "Pods/Target Support Files/Pods-ReTube/Pods-ReTube.release.xcconfig"; sourceTree = "<group>"; };
		C38A7134B78ABD78D0A45067 /* Pods_ReTube.framework */ = {isa = PBXFileReference; explicitFileType = wrapper.framework; includeInIndex = 0; path = Pods_ReTube.framework; sourceTree = BUILT_PRODUCTS_DIR; };
		CB042DBE203C373000451B39 /* ReTube-Bridging-Header.h */ = {isa = PBXFileReference; lastKnownFileType = sourcecode.c.h; path = "ReTube-Bridging-Header.h"; sourceTree = "<group>"; };
		CB042DBF203C373100451B39 /* HCYoutubeParser.m */ = {isa = PBXFileReference; fileEncoding = 4; lastKnownFileType = sourcecode.c.objc; path = HCYoutubeParser.m; sourceTree = "<group>"; };
		CB042DC0203C373100451B39 /* HCYoutubeParser.h */ = {isa = PBXFileReference; fileEncoding = 4; lastKnownFileType = sourcecode.c.h; path = HCYoutubeParser.h; sourceTree = "<group>"; };
		CB073F7C203EECED00DF2017 /* VideoTemp.swift */ = {isa = PBXFileReference; lastKnownFileType = sourcecode.swift; path = VideoTemp.swift; sourceTree = "<group>"; };
		CB0B8C59203B37D200321C48 /* ReTube.app */ = {isa = PBXFileReference; explicitFileType = wrapper.application; includeInIndex = 0; path = ReTube.app; sourceTree = BUILT_PRODUCTS_DIR; };
		CB0B8C5C203B37D200321C48 /* AppDelegate.swift */ = {isa = PBXFileReference; lastKnownFileType = sourcecode.swift; path = AppDelegate.swift; sourceTree = "<group>"; };
		CB0B8C5E203B37D200321C48 /* HomeController.swift */ = {isa = PBXFileReference; lastKnownFileType = sourcecode.swift; path = HomeController.swift; sourceTree = "<group>"; };
		CB0B8C63203B37D200321C48 /* Assets.xcassets */ = {isa = PBXFileReference; lastKnownFileType = folder.assetcatalog; path = Assets.xcassets; sourceTree = "<group>"; };
		CB0B8C66203B37D200321C48 /* Base */ = {isa = PBXFileReference; lastKnownFileType = file.storyboard; name = Base; path = Base.lproj/LaunchScreen.storyboard; sourceTree = "<group>"; };
		CB0B8C68203B37D200321C48 /* Info.plist */ = {isa = PBXFileReference; lastKnownFileType = text.plist.xml; path = Info.plist; sourceTree = "<group>"; };
		CB0DC39C203D86AF0032605D /* YTStructs.swift */ = {isa = PBXFileReference; lastKnownFileType = sourcecode.swift; path = YTStructs.swift; sourceTree = "<group>"; };
		CB0DC39E203D87C90032605D /* YTHelper.swift */ = {isa = PBXFileReference; lastKnownFileType = sourcecode.swift; path = YTHelper.swift; sourceTree = "<group>"; };
		CB1253A22040822F00A6A6B8 /* SettingCell.swift */ = {isa = PBXFileReference; lastKnownFileType = sourcecode.swift; path = SettingCell.swift; sourceTree = "<group>"; };
		CB13ADAB204D807D00F04384 /* MinimizedPlayerView.swift */ = {isa = PBXFileReference; lastKnownFileType = sourcecode.swift; path = MinimizedPlayerView.swift; sourceTree = "<group>"; };
		CB13ADAE204D87AC00F04384 /* YTPlayerView.m */ = {isa = PBXFileReference; fileEncoding = 4; lastKnownFileType = sourcecode.c.objc; path = YTPlayerView.m; sourceTree = "<group>"; };
		CB13ADAF204D87AC00F04384 /* YTPlayerView.h */ = {isa = PBXFileReference; fileEncoding = 4; lastKnownFileType = sourcecode.c.h; path = YTPlayerView.h; sourceTree = "<group>"; };
		CB13ADB1204D8C9F00F04384 /* Assets */ = {isa = PBXFileReference; lastKnownFileType = folder; path = Assets; sourceTree = "<group>"; };
		CB1A43F420513630008161FD /* PlayerViewCtrl.swift */ = {isa = PBXFileReference; lastKnownFileType = sourcecode.swift; path = PlayerViewCtrl.swift; sourceTree = "<group>"; };
		CB1A43F620517CB6008161FD /* K.swift */ = {isa = PBXFileReference; lastKnownFileType = sourcecode.swift; path = K.swift; sourceTree = "<group>"; };
		CB1BD2A220459B4900CDF423 /* FeedCell.swift */ = {isa = PBXFileReference; lastKnownFileType = sourcecode.swift; path = FeedCell.swift; sourceTree = "<group>"; };
		CB1BD2A42045C16D00CDF423 /* PlaylistsHostCell.swift */ = {isa = PBXFileReference; lastKnownFileType = sourcecode.swift; path = PlaylistsHostCell.swift; sourceTree = "<group>"; };
		CB1BD2A62045C58D00CDF423 /* SubscriptionFeed.swift */ = {isa = PBXFileReference; lastKnownFileType = sourcecode.swift; path = SubscriptionFeed.swift; sourceTree = "<group>"; };
		CB2202202056C04D001EF6A8 /* PlaylistView.swift */ = {isa = PBXFileReference; lastKnownFileType = sourcecode.swift; path = PlaylistView.swift; sourceTree = "<group>"; };
		CB2202222056D128001EF6A8 /* PlaylistItemCell.swift */ = {isa = PBXFileReference; lastKnownFileType = sourcecode.swift; path = PlaylistItemCell.swift; sourceTree = "<group>"; };
		CB3592AF20447929008435EC /* ApiService.swift */ = {isa = PBXFileReference; lastKnownFileType = sourcecode.swift; path = ApiService.swift; sourceTree = "<group>"; };
		CB6B85B7203DC1E900E108B2 /* Extentions.swift */ = {isa = PBXFileReference; lastKnownFileType = sourcecode.swift; path = Extentions.swift; sourceTree = "<group>"; };
		CB6B85BA203DC25100E108B2 /* VideoCellTemp.swift */ = {isa = PBXFileReference; lastKnownFileType = sourcecode.swift; path = VideoCellTemp.swift; sourceTree = "<group>"; };
		CB6B85BE203DD08200E108B2 /* MenuBar.swift */ = {isa = PBXFileReference; lastKnownFileType = sourcecode.swift; path = MenuBar.swift; sourceTree = "<group>"; };
		CB6B85DE203DE25200E108B2 /* BaseCollectionViewCell.swift */ = {isa = PBXFileReference; lastKnownFileType = sourcecode.swift; path = BaseCollectionViewCell.swift; sourceTree = "<group>"; };
		CB6B85E0203DE32700E108B2 /* MenuCell.swift */ = {isa = PBXFileReference; lastKnownFileType = sourcecode.swift; path = MenuCell.swift; sourceTree = "<group>"; };
		CB7A9F572052CD1B0032EC66 /* VideoCell.swift */ = {isa = PBXFileReference; lastKnownFileType = sourcecode.swift; path = VideoCell.swift; sourceTree = "<group>"; };
		CB7A9F5B2052EF330032EC66 /* PlaylistCell.swift */ = {isa = PBXFileReference; lastKnownFileType = sourcecode.swift; path = PlaylistCell.swift; sourceTree = "<group>"; };
		CB831AB120485C8B00203CBD /* MainPlayerView.swift */ = {isa = PBXFileReference; lastKnownFileType = sourcecode.swift; path = MainPlayerView.swift; sourceTree = "<group>"; };
		CB832C2F2047016B00C643C0 /* VideoLauncher.swift */ = {isa = PBXFileReference; lastKnownFileType = sourcecode.swift; path = VideoLauncher.swift; sourceTree = "<group>"; };
/* End PBXFileReference section */

/* Begin PBXFrameworksBuildPhase section */
		CB0B8C56203B37D200321C48 /* Frameworks */ = {
			isa = PBXFrameworksBuildPhase;
			buildActionMask = 2147483647;
			files = (
				A373527E7497ED1E69694987 /* Pods_ReTube.framework in Frameworks */,
			);
			runOnlyForDeploymentPostprocessing = 0;
		};
/* End PBXFrameworksBuildPhase section */

/* Begin PBXGroup section */
		0B05E3327DA6357E94978FFD /* Pods */ = {
			isa = PBXGroup;
			children = (
				64ED2F1710A798D68E02D3FC /* Pods-ReTube.debug.xcconfig */,
				9F3E0657A245C941BF128402 /* Pods-ReTube.release.xcconfig */,
			);
			name = Pods;
			sourceTree = "<group>";
		};
		1B7D1A752053EA15004D31A6 /* Cells */ = {
			isa = PBXGroup;
			children = (
				CB1BD2A62045C58D00CDF423 /* SubscriptionFeed.swift */,
				CB6B85DE203DE25200E108B2 /* BaseCollectionViewCell.swift */,
				CB6B85BA203DC25100E108B2 /* VideoCellTemp.swift */,
				CB6B85E0203DE32700E108B2 /* MenuCell.swift */,
				CB1253A22040822F00A6A6B8 /* SettingCell.swift */,
				CB1BD2A220459B4900CDF423 /* FeedCell.swift */,
				CB1BD2A42045C16D00CDF423 /* PlaylistsHostCell.swift */,
				CB7A9F572052CD1B0032EC66 /* VideoCell.swift */,
				CB7A9F5B2052EF330032EC66 /* PlaylistCell.swift */,
				CB2202222056D128001EF6A8 /* PlaylistItemCell.swift */,
			);
			path = Cells;
			sourceTree = "<group>";
		};
		8C2D1E974A2913E9029BFF44 /* Frameworks */ = {
			isa = PBXGroup;
			children = (
				C38A7134B78ABD78D0A45067 /* Pods_ReTube.framework */,
			);
			name = Frameworks;
			sourceTree = "<group>";
		};
		CB0B8C50203B37D200321C48 = {
			isa = PBXGroup;
			children = (
				CB0B8C5B203B37D200321C48 /* ReTube */,
				CB0B8C5A203B37D200321C48 /* Products */,
				0B05E3327DA6357E94978FFD /* Pods */,
				8C2D1E974A2913E9029BFF44 /* Frameworks */,
			);
			sourceTree = "<group>";
		};
		CB0B8C5A203B37D200321C48 /* Products */ = {
			isa = PBXGroup;
			children = (
				CB0B8C59203B37D200321C48 /* ReTube.app */,
			);
			name = Products;
			sourceTree = "<group>";
		};
		CB0B8C5B203B37D200321C48 /* ReTube */ = {
			isa = PBXGroup;
			children = (
				CB0B8C5C203B37D200321C48 /* AppDelegate.swift */,
				CB3592AE2044790C008435EC /* ApiService */,
				CB6B85BD203DC32100E108B2 /* Model */,
				CB6B85B9203DC23600E108B2 /* View */,
				CB6B85BC203DC28F00E108B2 /* Controller */,
				CB6B85B6203DC1DB00E108B2 /* Helpers */,
				CB0B8C63203B37D200321C48 /* Assets.xcassets */,
				CB0B8C65203B37D200321C48 /* LaunchScreen.storyboard */,
				CB042DBE203C373000451B39 /* ReTube-Bridging-Header.h */,
				CB0B8C68203B37D200321C48 /* Info.plist */,
			);
			path = ReTube;
			sourceTree = "<group>";
		};
		CB0DC399203D802D0032605D /* HCYoutubeParser */ = {
			isa = PBXGroup;
			children = (
				CB042DC0203C373100451B39 /* HCYoutubeParser.h */,
				CB042DBF203C373100451B39 /* HCYoutubeParser.m */,
			);
			path = HCYoutubeParser;
			sourceTree = "<group>";
		};
		CB13ADAD204D879600F04384 /* YTPlayerView */ = {
			isa = PBXGroup;
			children = (
				CB13ADB1204D8C9F00F04384 /* Assets */,
				CB13ADAF204D87AC00F04384 /* YTPlayerView.h */,
				CB13ADAE204D87AC00F04384 /* YTPlayerView.m */,
			);
			path = YTPlayerView;
			sourceTree = "<group>";
		};
		CB3592AE2044790C008435EC /* ApiService */ = {
			isa = PBXGroup;
			children = (
				CB3592AF20447929008435EC /* ApiService.swift */,
			);
			path = ApiService;
			sourceTree = "<group>";
		};
		CB6B85B6203DC1DB00E108B2 /* Helpers */ = {
			isa = PBXGroup;
			children = (
				CB13ADAD204D879600F04384 /* YTPlayerView */,
				CB0DC399203D802D0032605D /* HCYoutubeParser */,
				CB6B85B7203DC1E900E108B2 /* Extentions.swift */,
				CB1A43F620517CB6008161FD /* K.swift */,
			);
			path = Helpers;
			sourceTree = "<group>";
		};
		CB6B85B9203DC23600E108B2 /* View */ = {
			isa = PBXGroup;
			children = (
				1B7D1A752053EA15004D31A6 /* Cells */,
				CB6B85BE203DD08200E108B2 /* MenuBar.swift */,
				CB831AB120485C8B00203CBD /* MainPlayerView.swift */,
				CB13ADAB204D807D00F04384 /* MinimizedPlayerView.swift */,
				CB2202202056C04D001EF6A8 /* PlaylistView.swift */,
			);
			path = View;
			sourceTree = "<group>";
		};
		CB6B85BC203DC28F00E108B2 /* Controller */ = {
			isa = PBXGroup;
			children = (
				CB0B8C5E203B37D200321C48 /* HomeController.swift */,
				1BB71585203F8B42002ED3A9 /* SettingsLauncher.swift */,
				CB832C2F2047016B00C643C0 /* VideoLauncher.swift */,
				CB1A43F420513630008161FD /* PlayerViewCtrl.swift */,
			);
			path = Controller;
			sourceTree = "<group>";
		};
		CB6B85BD203DC32100E108B2 /* Model */ = {
			isa = PBXGroup;
			children = (
				1BF23D27203E16910055CB20 /* Constants.swift */,
				CB0DC39C203D86AF0032605D /* YTStructs.swift */,
				CB0DC39E203D87C90032605D /* YTHelper.swift */,
				CB073F7C203EECED00DF2017 /* VideoTemp.swift */,
			);
			path = Model;
			sourceTree = "<group>";
		};
/* End PBXGroup section */

/* Begin PBXNativeTarget section */
		CB0B8C58203B37D200321C48 /* ReTube */ = {
			isa = PBXNativeTarget;
			buildConfigurationList = CB0B8C6B203B37D200321C48 /* Build configuration list for PBXNativeTarget "ReTube" */;
			buildPhases = (
				0DFB7942B4AD1E2E930F2F15 /* [CP] Check Pods Manifest.lock */,
				CB0B8C55203B37D200321C48 /* Sources */,
				CB0B8C56203B37D200321C48 /* Frameworks */,
				CB0B8C57203B37D200321C48 /* Resources */,
				97DF74612049448936564099 /* [CP] Embed Pods Frameworks */,
				9E5F535F332BEA39BF44481A /* [CP] Copy Pods Resources */,
			);
			buildRules = (
			);
			dependencies = (
			);
			name = ReTube;
			productName = ReTube;
			productReference = CB0B8C59203B37D200321C48 /* ReTube.app */;
			productType = "com.apple.product-type.application";
		};
/* End PBXNativeTarget section */

/* Begin PBXProject section */
		CB0B8C51203B37D200321C48 /* Project object */ = {
			isa = PBXProject;
			attributes = {
				LastSwiftUpdateCheck = 0920;
				LastUpgradeCheck = 0920;
				ORGANIZATIONNAME = sergey.tereshkin;
				TargetAttributes = {
					CB0B8C58203B37D200321C48 = {
						CreatedOnToolsVersion = 9.2;
						LastSwiftMigration = 0920;
						ProvisioningStyle = Automatic;
					};
				};
			};
			buildConfigurationList = CB0B8C54203B37D200321C48 /* Build configuration list for PBXProject "ReTube" */;
			compatibilityVersion = "Xcode 8.0";
			developmentRegion = en;
			hasScannedForEncodings = 0;
			knownRegions = (
				en,
				Base,
			);
			mainGroup = CB0B8C50203B37D200321C48;
			productRefGroup = CB0B8C5A203B37D200321C48 /* Products */;
			projectDirPath = "";
			projectRoot = "";
			targets = (
				CB0B8C58203B37D200321C48 /* ReTube */,
			);
		};
/* End PBXProject section */

/* Begin PBXResourcesBuildPhase section */
		CB0B8C57203B37D200321C48 /* Resources */ = {
			isa = PBXResourcesBuildPhase;
			buildActionMask = 2147483647;
			files = (
				CB0B8C67203B37D200321C48 /* LaunchScreen.storyboard in Resources */,
				CB13ADB2204D8C9F00F04384 /* Assets in Resources */,
				CB0B8C64203B37D200321C48 /* Assets.xcassets in Resources */,
			);
			runOnlyForDeploymentPostprocessing = 0;
		};
/* End PBXResourcesBuildPhase section */

/* Begin PBXShellScriptBuildPhase section */
		0DFB7942B4AD1E2E930F2F15 /* [CP] Check Pods Manifest.lock */ = {
			isa = PBXShellScriptBuildPhase;
			buildActionMask = 2147483647;
			files = (
			);
			inputPaths = (
				"${PODS_PODFILE_DIR_PATH}/Podfile.lock",
				"${PODS_ROOT}/Manifest.lock",
			);
			name = "[CP] Check Pods Manifest.lock";
			outputPaths = (
				"$(DERIVED_FILE_DIR)/Pods-ReTube-checkManifestLockResult.txt",
			);
			runOnlyForDeploymentPostprocessing = 0;
			shellPath = /bin/sh;
			shellScript = "diff \"${PODS_PODFILE_DIR_PATH}/Podfile.lock\" \"${PODS_ROOT}/Manifest.lock\" > /dev/null\nif [ $? != 0 ] ; then\n    # print error to STDERR\n    echo \"error: The sandbox is not in sync with the Podfile.lock. Run 'pod install' or update your CocoaPods installation.\" >&2\n    exit 1\nfi\n# This output is used by Xcode 'outputs' to avoid re-running this script phase.\necho \"SUCCESS\" > \"${SCRIPT_OUTPUT_FILE_0}\"\n";
			showEnvVarsInLog = 0;
		};
		97DF74612049448936564099 /* [CP] Embed Pods Frameworks */ = {
			isa = PBXShellScriptBuildPhase;
			buildActionMask = 2147483647;
			files = (
			);
			inputPaths = (
				"${SRCROOT}/Pods/Target Support Files/Pods-ReTube/Pods-ReTube-frameworks.sh",
				"${BUILT_PRODUCTS_DIR}/SDWebImage/SDWebImage.framework",
			);
			name = "[CP] Embed Pods Frameworks";
			outputPaths = (
				"${TARGET_BUILD_DIR}/${FRAMEWORKS_FOLDER_PATH}/SDWebImage.framework",
			);
			runOnlyForDeploymentPostprocessing = 0;
			shellPath = /bin/sh;
			shellScript = "\"${SRCROOT}/Pods/Target Support Files/Pods-ReTube/Pods-ReTube-frameworks.sh\"\n";
			showEnvVarsInLog = 0;
		};
		9E5F535F332BEA39BF44481A /* [CP] Copy Pods Resources */ = {
			isa = PBXShellScriptBuildPhase;
			buildActionMask = 2147483647;
			files = (
			);
			inputPaths = (
			);
			name = "[CP] Copy Pods Resources";
			outputPaths = (
			);
			runOnlyForDeploymentPostprocessing = 0;
			shellPath = /bin/sh;
			shellScript = "\"${SRCROOT}/Pods/Target Support Files/Pods-ReTube/Pods-ReTube-resources.sh\"\n";
			showEnvVarsInLog = 0;
		};
/* End PBXShellScriptBuildPhase section */

/* Begin PBXSourcesBuildPhase section */
		CB0B8C55203B37D200321C48 /* Sources */ = {
			isa = PBXSourcesBuildPhase;
			buildActionMask = 2147483647;
			files = (
				CB0B8C5F203B37D200321C48 /* HomeController.swift in Sources */,
				1BF23D28203E16910055CB20 /* Constants.swift in Sources */,
				CB6B85BB203DC25100E108B2 /* VideoCellTemp.swift in Sources */,
				CB7A9F582052CD1B0032EC66 /* VideoCell.swift in Sources */,
				CB831AB220485C8B00203CBD /* MainPlayerView.swift in Sources */,
				1BB71586203F8B42002ED3A9 /* SettingsLauncher.swift in Sources */,
				CB1253A32040822F00A6A6B8 /* SettingCell.swift in Sources */,
				CB073F7D203EECED00DF2017 /* VideoTemp.swift in Sources */,
				CB832C302047016B00C643C0 /* VideoLauncher.swift in Sources */,
				CB042DC1203C373100451B39 /* HCYoutubeParser.m in Sources */,
				CB2202232056D128001EF6A8 /* PlaylistItemCell.swift in Sources */,
				CB0DC39D203D86AF0032605D /* YTStructs.swift in Sources */,
				CB7A9F5C2052EF330032EC66 /* PlaylistCell.swift in Sources */,
				CB0B8C5D203B37D200321C48 /* AppDelegate.swift in Sources */,
				CB6B85E1203DE32700E108B2 /* MenuCell.swift in Sources */,
				CB13ADB0204D87AC00F04384 /* YTPlayerView.m in Sources */,
				CB6B85DF203DE25200E108B2 /* BaseCollectionViewCell.swift in Sources */,
				CB3592B020447929008435EC /* ApiService.swift in Sources */,
				CB1A43F720517CB6008161FD /* K.swift in Sources */,
				CB1BD2A52045C16D00CDF423 /* PlaylistsHostCell.swift in Sources */,
				CB6B85BF203DD08200E108B2 /* MenuBar.swift in Sources */,
				CB13ADAC204D807D00F04384 /* MinimizedPlayerView.swift in Sources */,
				CB2202212056C04D001EF6A8 /* PlaylistView.swift in Sources */,
				CB1BD2A72045C58D00CDF423 /* SubscriptionFeed.swift in Sources */,
				CB1A43F520513630008161FD /* PlayerViewCtrl.swift in Sources */,
				CB1BD2A320459B4900CDF423 /* FeedCell.swift in Sources */,
				CB0DC39F203D87C90032605D /* YTHelper.swift in Sources */,
				CB6B85B8203DC1E900E108B2 /* Extentions.swift in Sources */,
			);
			runOnlyForDeploymentPostprocessing = 0;
		};
/* End PBXSourcesBuildPhase section */

/* Begin PBXVariantGroup section */
		CB0B8C65203B37D200321C48 /* LaunchScreen.storyboard */ = {
			isa = PBXVariantGroup;
			children = (
				CB0B8C66203B37D200321C48 /* Base */,
			);
			name = LaunchScreen.storyboard;
			sourceTree = "<group>";
		};
/* End PBXVariantGroup section */

/* Begin XCBuildConfiguration section */
		CB0B8C69203B37D200321C48 /* Debug */ = {
			isa = XCBuildConfiguration;
			buildSettings = {
				ALWAYS_SEARCH_USER_PATHS = NO;
				CLANG_ANALYZER_NONNULL = YES;
				CLANG_ANALYZER_NUMBER_OBJECT_CONVERSION = YES_AGGRESSIVE;
				CLANG_CXX_LANGUAGE_STANDARD = "gnu++14";
				CLANG_CXX_LIBRARY = "libc++";
				CLANG_ENABLE_MODULES = YES;
				CLANG_ENABLE_OBJC_ARC = YES;
				CLANG_WARN_BLOCK_CAPTURE_AUTORELEASING = YES;
				CLANG_WARN_BOOL_CONVERSION = YES;
				CLANG_WARN_COMMA = YES;
				CLANG_WARN_CONSTANT_CONVERSION = YES;
				CLANG_WARN_DIRECT_OBJC_ISA_USAGE = YES_ERROR;
				CLANG_WARN_DOCUMENTATION_COMMENTS = YES;
				CLANG_WARN_EMPTY_BODY = YES;
				CLANG_WARN_ENUM_CONVERSION = YES;
				CLANG_WARN_INFINITE_RECURSION = YES;
				CLANG_WARN_INT_CONVERSION = YES;
				CLANG_WARN_NON_LITERAL_NULL_CONVERSION = YES;
				CLANG_WARN_OBJC_LITERAL_CONVERSION = YES;
				CLANG_WARN_OBJC_ROOT_CLASS = YES_ERROR;
				CLANG_WARN_RANGE_LOOP_ANALYSIS = YES;
				CLANG_WARN_STRICT_PROTOTYPES = YES;
				CLANG_WARN_SUSPICIOUS_MOVE = YES;
				CLANG_WARN_UNGUARDED_AVAILABILITY = YES_AGGRESSIVE;
				CLANG_WARN_UNREACHABLE_CODE = YES;
				CLANG_WARN__DUPLICATE_METHOD_MATCH = YES;
				CODE_SIGN_IDENTITY = "iPhone Developer";
				COPY_PHASE_STRIP = NO;
				DEBUG_INFORMATION_FORMAT = dwarf;
				ENABLE_STRICT_OBJC_MSGSEND = YES;
				ENABLE_TESTABILITY = YES;
				GCC_C_LANGUAGE_STANDARD = gnu11;
				GCC_DYNAMIC_NO_PIC = NO;
				GCC_NO_COMMON_BLOCKS = YES;
				GCC_OPTIMIZATION_LEVEL = 0;
				GCC_PREPROCESSOR_DEFINITIONS = (
					"DEBUG=1",
					"$(inherited)",
				);
				GCC_WARN_64_TO_32_BIT_CONVERSION = YES;
				GCC_WARN_ABOUT_RETURN_TYPE = YES_ERROR;
				GCC_WARN_UNDECLARED_SELECTOR = YES;
				GCC_WARN_UNINITIALIZED_AUTOS = YES_AGGRESSIVE;
				GCC_WARN_UNUSED_FUNCTION = YES;
				GCC_WARN_UNUSED_VARIABLE = YES;
				IPHONEOS_DEPLOYMENT_TARGET = 11.2;
				MTL_ENABLE_DEBUG_INFO = YES;
				ONLY_ACTIVE_ARCH = YES;
				SDKROOT = iphoneos;
				SWIFT_ACTIVE_COMPILATION_CONDITIONS = DEBUG;
				SWIFT_OPTIMIZATION_LEVEL = "-Onone";
			};
			name = Debug;
		};
		CB0B8C6A203B37D200321C48 /* Release */ = {
			isa = XCBuildConfiguration;
			buildSettings = {
				ALWAYS_SEARCH_USER_PATHS = NO;
				CLANG_ANALYZER_NONNULL = YES;
				CLANG_ANALYZER_NUMBER_OBJECT_CONVERSION = YES_AGGRESSIVE;
				CLANG_CXX_LANGUAGE_STANDARD = "gnu++14";
				CLANG_CXX_LIBRARY = "libc++";
				CLANG_ENABLE_MODULES = YES;
				CLANG_ENABLE_OBJC_ARC = YES;
				CLANG_WARN_BLOCK_CAPTURE_AUTORELEASING = YES;
				CLANG_WARN_BOOL_CONVERSION = YES;
				CLANG_WARN_COMMA = YES;
				CLANG_WARN_CONSTANT_CONVERSION = YES;
				CLANG_WARN_DIRECT_OBJC_ISA_USAGE = YES_ERROR;
				CLANG_WARN_DOCUMENTATION_COMMENTS = YES;
				CLANG_WARN_EMPTY_BODY = YES;
				CLANG_WARN_ENUM_CONVERSION = YES;
				CLANG_WARN_INFINITE_RECURSION = YES;
				CLANG_WARN_INT_CONVERSION = YES;
				CLANG_WARN_NON_LITERAL_NULL_CONVERSION = YES;
				CLANG_WARN_OBJC_LITERAL_CONVERSION = YES;
				CLANG_WARN_OBJC_ROOT_CLASS = YES_ERROR;
				CLANG_WARN_RANGE_LOOP_ANALYSIS = YES;
				CLANG_WARN_STRICT_PROTOTYPES = YES;
				CLANG_WARN_SUSPICIOUS_MOVE = YES;
				CLANG_WARN_UNGUARDED_AVAILABILITY = YES_AGGRESSIVE;
				CLANG_WARN_UNREACHABLE_CODE = YES;
				CLANG_WARN__DUPLICATE_METHOD_MATCH = YES;
				CODE_SIGN_IDENTITY = "iPhone Developer";
				COPY_PHASE_STRIP = NO;
				DEBUG_INFORMATION_FORMAT = "dwarf-with-dsym";
				ENABLE_NS_ASSERTIONS = NO;
				ENABLE_STRICT_OBJC_MSGSEND = YES;
				GCC_C_LANGUAGE_STANDARD = gnu11;
				GCC_NO_COMMON_BLOCKS = YES;
				GCC_WARN_64_TO_32_BIT_CONVERSION = YES;
				GCC_WARN_ABOUT_RETURN_TYPE = YES_ERROR;
				GCC_WARN_UNDECLARED_SELECTOR = YES;
				GCC_WARN_UNINITIALIZED_AUTOS = YES_AGGRESSIVE;
				GCC_WARN_UNUSED_FUNCTION = YES;
				GCC_WARN_UNUSED_VARIABLE = YES;
				IPHONEOS_DEPLOYMENT_TARGET = 11.2;
				MTL_ENABLE_DEBUG_INFO = NO;
				SDKROOT = iphoneos;
				SWIFT_OPTIMIZATION_LEVEL = "-Owholemodule";
				VALIDATE_PRODUCT = YES;
			};
			name = Release;
		};
		CB0B8C6C203B37D200321C48 /* Debug */ = {
			isa = XCBuildConfiguration;
			baseConfigurationReference = 64ED2F1710A798D68E02D3FC /* Pods-ReTube.debug.xcconfig */;
			buildSettings = {
				ASSETCATALOG_COMPILER_APPICON_NAME = AppIcon;
				CLANG_ENABLE_MODULES = YES;
				CODE_SIGN_STYLE = Automatic;
				DEVELOPMENT_TEAM = BS28VN32MJ;
				INFOPLIST_FILE = ReTube/Info.plist;
				IPHONEOS_DEPLOYMENT_TARGET = 10.0;
				LD_RUNPATH_SEARCH_PATHS = "$(inherited) @executable_path/Frameworks";
				PRODUCT_BUNDLE_IDENTIFIER = nerve.d4mage.ReTube;
				PRODUCT_NAME = "$(TARGET_NAME)";
				SWIFT_OBJC_BRIDGING_HEADER = "ReTube/ReTube-Bridging-Header.h";
				SWIFT_OPTIMIZATION_LEVEL = "-Onone";
				SWIFT_VERSION = 4.0;
				TARGETED_DEVICE_FAMILY = "1,2";
			};
			name = Debug;
		};
		CB0B8C6D203B37D200321C48 /* Release */ = {
			isa = XCBuildConfiguration;
			baseConfigurationReference = 9F3E0657A245C941BF128402 /* Pods-ReTube.release.xcconfig */;
			buildSettings = {
				ASSETCATALOG_COMPILER_APPICON_NAME = AppIcon;
				CLANG_ENABLE_MODULES = YES;
				CODE_SIGN_STYLE = Automatic;
				DEVELOPMENT_TEAM = BS28VN32MJ;
				INFOPLIST_FILE = ReTube/Info.plist;
				IPHONEOS_DEPLOYMENT_TARGET = 10.0;
				LD_RUNPATH_SEARCH_PATHS = "$(inherited) @executable_path/Frameworks";
				PRODUCT_BUNDLE_IDENTIFIER = nerve.d4mage.ReTube;
				PRODUCT_NAME = "$(TARGET_NAME)";
				SWIFT_OBJC_BRIDGING_HEADER = "ReTube/ReTube-Bridging-Header.h";
				SWIFT_VERSION = 4.0;
				TARGETED_DEVICE_FAMILY = "1,2";
			};
			name = Release;
		};
/* End XCBuildConfiguration section */

/* Begin XCConfigurationList section */
		CB0B8C54203B37D200321C48 /* Build configuration list for PBXProject "ReTube" */ = {
			isa = XCConfigurationList;
			buildConfigurations = (
				CB0B8C69203B37D200321C48 /* Debug */,
				CB0B8C6A203B37D200321C48 /* Release */,
			);
			defaultConfigurationIsVisible = 0;
			defaultConfigurationName = Release;
		};
		CB0B8C6B203B37D200321C48 /* Build configuration list for PBXNativeTarget "ReTube" */ = {
			isa = XCConfigurationList;
			buildConfigurations = (
				CB0B8C6C203B37D200321C48 /* Debug */,
				CB0B8C6D203B37D200321C48 /* Release */,
			);
			defaultConfigurationIsVisible = 0;
			defaultConfigurationName = Release;
		};
/* End XCConfigurationList section */
	};
	rootObject = CB0B8C51203B37D200321C48 /* Project object */;
}
